
Microsoft Visual Studio Solution File, Format Version 12.00
# Visual Studio Version 17
VisualStudioVersion = 17.8.34330.188
MinimumVisualStudioVersion = 10.0.40219.1
Project("{FAE04EC0-301F-11D3-BF4B-00C04F79EFBC}") = "ConsoleApp4", "ConsoleApp4\ConsoleApp4.csproj", "{4E5515CA-5BB8-49A1-AF26-EB7E784009D2}"
EndProject
Global
	GlobalSection(SolutionConfigurationPlatforms) = preSolution
		Debug|Any CPU = Debug|Any CPU
		Release|Any CPU = Release|Any CPU
	EndGlobalSection
	GlobalSection(ProjectConfigurationPlatforms) = postSolution
		{4E5515CA-5BB8-49A1-AF26-EB7E784009D2}.Debug|Any CPU.ActiveCfg = Debug|Any CPU
		{4E5515CA-5BB8-49A1-AF26-EB7E784009D2}.Debug|Any CPU.Build.0 = Debug|Any CPU
		{4E5515CA-5BB8-49A1-AF26-EB7E784009D2}.Release|Any CPU.ActiveCfg = Release|Any CPU
		{4E5515CA-5BB8-49A1-AF26-EB7E784009D2}.Release|Any CPU.Build.0 = Release|Any CPU
	EndGlobalSection
	GlobalSection(SolutionProperties) = preSolution
		HideSolutionNode = FALSE
	EndGlobalSection
	GlobalSection(ExtensibilityGlobals) = postSolution
		SolutionGuid = {2F1A9238-95FC-418C-8964-51D34D145F0C}
	EndGlobalSection
EndGlobal
