
Microsoft Visual Studio Solution File, Format Version 12.00
# Visual Studio Version 17
VisualStudioVersion = 17.8.34330.188
MinimumVisualStudioVersion = 10.0.40219.1
Project("{FAE04EC0-301F-11D3-BF4B-00C04F79EFBC}") = "ConsoleApp2", "ConsoleApp2\ConsoleApp2.csproj", "{AB6AE30A-2CE2-42F8-9066-7CD8A0DF9820}"
EndProject
Global
	GlobalSection(SolutionConfigurationPlatforms) = preSolution
		Debug|Any CPU = Debug|Any CPU
		Release|Any CPU = Release|Any CPU
	EndGlobalSection
	GlobalSection(ProjectConfigurationPlatforms) = postSolution
		{AB6AE30A-2CE2-42F8-9066-7CD8A0DF9820}.Debug|Any CPU.ActiveCfg = Debug|Any CPU
		{AB6AE30A-2CE2-42F8-9066-7CD8A0DF9820}.Debug|Any CPU.Build.0 = Debug|Any CPU
		{AB6AE30A-2CE2-42F8-9066-7CD8A0DF9820}.Release|Any CPU.ActiveCfg = Release|Any CPU
		{AB6AE30A-2CE2-42F8-9066-7CD8A0DF9820}.Release|Any CPU.Build.0 = Release|Any CPU
	EndGlobalSection
	GlobalSection(SolutionProperties) = preSolution
		HideSolutionNode = FALSE
	EndGlobalSection
	GlobalSection(ExtensibilityGlobals) = postSolution
		SolutionGuid = {3EB3FD9E-5838-4FAA-B96C-A72D6C3AB4F7}
	EndGlobalSection
EndGlobal
