
Microsoft Visual Studio Solution File, Format Version 12.00
# Visual Studio Version 17
VisualStudioVersion = 17.8.34330.188
MinimumVisualStudioVersion = 10.0.40219.1
Project("{FAE04EC0-301F-11D3-BF4B-00C04F79EFBC}") = "HW12_1_Mileshko", "HW12_1_Mileshko\HW12_1_Mileshko.csproj", "{FDCCAC72-0B5B-46F7-A36D-9D03365257F9}"
EndProject
Global
	GlobalSection(SolutionConfigurationPlatforms) = preSolution
		Debug|Any CPU = Debug|Any CPU
		Release|Any CPU = Release|Any CPU
	EndGlobalSection
	GlobalSection(ProjectConfigurationPlatforms) = postSolution
		{FDCCAC72-0B5B-46F7-A36D-9D03365257F9}.Debug|Any CPU.ActiveCfg = Debug|Any CPU
		{FDCCAC72-0B5B-46F7-A36D-9D03365257F9}.Debug|Any CPU.Build.0 = Debug|Any CPU
		{FDCCAC72-0B5B-46F7-A36D-9D03365257F9}.Release|Any CPU.ActiveCfg = Release|Any CPU
		{FDCCAC72-0B5B-46F7-A36D-9D03365257F9}.Release|Any CPU.Build.0 = Release|Any CPU
	EndGlobalSection
	GlobalSection(SolutionProperties) = preSolution
		HideSolutionNode = FALSE
	EndGlobalSection
	GlobalSection(ExtensibilityGlobals) = postSolution
		SolutionGuid = {B684C8E8-27E5-48B8-8186-AEF83011B2F5}
	EndGlobalSection
EndGlobal
